// !$*UTF8*$!
{
	archiveVersion = 1;
	classes = {
	};
	objectVersion = 55;
	objects = {

/* Begin PBXBuildFile section */

		ABCD00010000000000000000 /* StateEvents.swift in Sources */ = {isa = PBXBuildFile; fileRef = ABCD00020000000000000000 /* StateEvents.swift */; };
		ABCD00030000000000000000 /* StateReceiver.swift in Sources */ = {isa = PBXBuildFile; fileRef = ABCD00040000000000000000 /* StateReceiver.swift */; };
		010101010101010101010101 /* ContentView.swift in Sources */ = {isa = PBXBuildFile; fileRef = 000000000000000000000000 /* ContentView.swift */; };
		020202020202020202020202 /* SyllabusSidebarView.swift in Sources */ = {isa = PBXBuildFile; fileRef = 000000000000000000000002 /* SyllabusSidebarView.swift */; };
		030303030303030303030303 /* ForgeEditorView.swift in Sources */ = {isa = PBXBuildFile; fileRef = 000000000000000000000003 /* ForgeEditorView.swift */; };
		040404040404040404040404 /* CommsArrayView.swift in Sources */ = {isa = PBXBuildFile; fileRef = 000000000000000000000004 /* CommsArrayView.swift */; };
		050505050505050505050505 /* Models.swift in Sources */ = {isa = PBXBuildFile; fileRef = 000000000000000000000005 /* Models.swift */; };
		060606060606060606060606 /* CodeExecutor.swift in Sources */ = {isa = PBXBuildFile; fileRef = 000000000000000000000006 /* CodeExecutor.swift */; };
		070707070707070707070707 /* FileWatcher.swift in Sources */ = {isa = PBXBuildFile; fileRef = 000000000000000000000007 /* FileWatcher.swift */; };
		080808080808080808080808 /* RAGService.swift in Sources */ = {isa = PBXBuildFile; fileRef = 000000000000000000000008 /* RAGService.swift */; };
		0a0a0a0a0a0a0a0a0a0a0a0a /* MarkdownWebView.swift in Sources */ = {isa = PBXBuildFile; fileRef = 00000000000000000000000a /* MarkdownWebView.swift */; };
		0b0b0b0b0b0b0b0b0b0b0b0b /* AnsiText.swift in Sources */ = {isa = PBXBuildFile; fileRef = 00000000000000000000000b /* AnsiText.swift */; };
		0c0c0c0c0c0c0c0c0c0c0c0c /* PythonCodeEditor.swift in Sources */ = {isa = PBXBuildFile; fileRef = 00000000000000000000000c /* PythonCodeEditor.swift */; };
		131313131313131313131313 /* Assets.xcassets in Resources */ = {isa = PBXBuildFile; fileRef = 121212121212121212121212 /* Assets.xcassets */; };
		F1F1F1F1F1F1F1F1F1F1F1F1 /* OpenForgeApp.swift in Sources */ = {isa = PBXBuildFile; fileRef = FFFFFFFFFFFFFFFFFFFFFFFF /* OpenForgeApp.swift */; };
/* End PBXBuildFile section */

/* Begin PBXFileReference section */

		ABCD00020000000000000000 /* StateEvents.swift */ = {isa = PBXFileReference; lastKnownFileType = sourcecode.swift; path = StateEvents.swift; sourceTree = "<group>"; };
		ABCD00040000000000000000 /* StateReceiver.swift */ = {isa = PBXFileReference; lastKnownFileType = sourcecode.swift; path = StateReceiver.swift; sourceTree = "<group>"; };
		000000000000000000000000 /* ContentView.swift */ = {isa = PBXFileReference; lastKnownFileType = sourcecode.swift; path = ContentView.swift; sourceTree = "<group>"; };
		000000000000000000000002 /* SyllabusSidebarView.swift */ = {isa = PBXFileReference; lastKnownFileType = sourcecode.swift; path = SyllabusSidebarView.swift; sourceTree = "<group>"; };
		000000000000000000000003 /* ForgeEditorView.swift */ = {isa = PBXFileReference; lastKnownFileType = sourcecode.swift; path = ForgeEditorView.swift; sourceTree = "<group>"; };
		000000000000000000000004 /* CommsArrayView.swift */ = {isa = PBXFileReference; lastKnownFileType = sourcecode.swift; path = CommsArrayView.swift; sourceTree = "<group>"; };
		000000000000000000000005 /* Models.swift */ = {isa = PBXFileReference; lastKnownFileType = sourcecode.swift; path = Models.swift; sourceTree = "<group>"; };
		000000000000000000000006 /* CodeExecutor.swift */ = {isa = PBXFileReference; lastKnownFileType = sourcecode.swift; path = CodeExecutor.swift; sourceTree = "<group>"; };
		000000000000000000000007 /* FileWatcher.swift */ = {isa = PBXFileReference; lastKnownFileType = sourcecode.swift; path = FileWatcher.swift; sourceTree = "<group>"; };
		000000000000000000000008 /* RAGService.swift */ = {isa = PBXFileReference; lastKnownFileType = sourcecode.swift; path = RAGService.swift; sourceTree = "<group>"; };
		00000000000000000000000a /* MarkdownWebView.swift */ = {isa = PBXFileReference; lastKnownFileType = sourcecode.swift; path = MarkdownWebView.swift; sourceTree = "<group>"; };
		00000000000000000000000b /* AnsiText.swift */ = {isa = PBXFileReference; lastKnownFileType = sourcecode.swift; path = AnsiText.swift; sourceTree = "<group>"; };
		00000000000000000000000c /* PythonCodeEditor.swift */ = {isa = PBXFileReference; lastKnownFileType = sourcecode.swift; path = PythonCodeEditor.swift; sourceTree = "<group>"; };
		090909090909090909090909 /* OpenForge.entitlements */ = {isa = PBXFileReference; lastKnownFileType = text.plist.entitlements; path = OpenForge.entitlements; sourceTree = "<group>"; };
		121212121212121212121212 /* Assets.xcassets */ = {isa = PBXFileReference; lastKnownFileType = folder.assetcatalog; path = Assets.xcassets; sourceTree = "<group>"; };
		555555555555555555555555 /* OpenForge.app */ = {isa = PBXFileReference; explicitFileType = wrapper.application; includeInIndex = 0; path = OpenForge.app; sourceTree = BUILT_PRODUCTS_DIR; };
		FFFFFFFFFFFFFFFFFFFFFFFF /* OpenForgeApp.swift */ = {isa = PBXFileReference; lastKnownFileType = sourcecode.swift; path = OpenForgeApp.swift; sourceTree = "<group>"; };
/* End PBXFileReference section */

/* Begin PBXFrameworksBuildPhase section */
		777777777777777777777777 /* Frameworks */ = {
			isa = PBXFrameworksBuildPhase;
			buildActionMask = 2147483647;
			files = (
			);
			runOnlyForDeploymentPostprocessing = 0;
		};
/* End PBXFrameworksBuildPhase section */

/* Begin PBXGroup section */
		222222222222222222222222 = {
			isa = PBXGroup;
			children = (
				999999999999999999999991 /* OpenForgeApp */,
				333333333333333333333333 /* Products */,
			);
			sourceTree = "<group>";
		};
		333333333333333333333333 /* Products */ = {
			isa = PBXGroup;
			children = (
				555555555555555555555555 /* OpenForge.app */,
			);
			name = Products;
			sourceTree = "<group>";
		};
		999999999999999999999991 /* OpenForgeApp */ = {
			isa = PBXGroup;
			children = (
				ABCD00020000000000000000 /* StateEvents.swift */,
				ABCD00040000000000000000 /* StateReceiver.swift */,
				FFFFFFFFFFFFFFFFFFFFFFFF /* OpenForgeApp.swift */,
				000000000000000000000000 /* ContentView.swift */,
				000000000000000000000002 /* SyllabusSidebarView.swift */,
				000000000000000000000003 /* ForgeEditorView.swift */,
				000000000000000000000004 /* CommsArrayView.swift */,
				000000000000000000000005 /* Models.swift */,
				000000000000000000000006 /* CodeExecutor.swift */,
				000000000000000000000007 /* FileWatcher.swift */,
				000000000000000000000008 /* RAGService.swift */,
				00000000000000000000000a /* MarkdownWebView.swift */,
				00000000000000000000000b /* AnsiText.swift */,
				00000000000000000000000c /* PythonCodeEditor.swift */,
				121212121212121212121212 /* Assets.xcassets */,
				090909090909090909090909 /* OpenForge.entitlements */,
			);
			path = OpenForgeApp;
			sourceTree = "<group>";
		};
/* End PBXGroup section */

/* Begin PBXNativeTarget section */
		444444444444444444444444 /* Syndicate */ = {
			isa = PBXNativeTarget;
			buildConfigurationList = AAAAAAAAAAAAAAAAAAAAAAAA /* Build configuration list for PBXNativeTarget "OpenForge" */;
			buildPhases = (
				666666666666666666666666 /* Sources */,
				777777777777777777777777 /* Frameworks */,
				888888888888888888888888 /* Resources */,
				D0F6DA372FE824CA004FD6CC /* Build Python Runtime */,
			);
			buildRules = (
			);
			dependencies = (
			);
			name = OpenForge;
			productName = OpenForge;
			productReference = 555555555555555555555555 /* OpenForge.app */;
			productType = "com.apple.product-type.application";
		};
/* End PBXNativeTarget section */

/* Begin PBXProject section */
		111111111111111111111111 /* Project object */ = {
			isa = PBXProject;
			attributes = {
				BuildIndependentTargetsInParallel = 1;
				LastSwiftUpdateCheck = 1300;
				LastUpgradeCheck = 1300;
				TargetAttributes = {
					444444444444444444444444 = {
						CreatedOnToolsVersion = 13.0;
					};
				};
			};
			buildConfigurationList = 999999999999999999999999 /* Build configuration list for PBXProject "OpenForge" */;
			compatibilityVersion = "Xcode 13.0";
			developmentRegion = en;
			hasScannedForEncodings = 0;
			knownRegions = (
				en,
				Base,
			);
			mainGroup = 222222222222222222222222;
			productRefGroup = 333333333333333333333333 /* Products */;
			projectDirPath = "";
			projectRoot = "";
			targets = (
				444444444444444444444444 /* Syndicate */,
			);
		};
/* End PBXProject section */

/* Begin PBXResourcesBuildPhase section */
		888888888888888888888888 /* Resources */ = {
			isa = PBXResourcesBuildPhase;
			buildActionMask = 2147483647;
			files = (
				131313131313131313131313 /* Assets.xcassets in Resources */,
			);
			runOnlyForDeploymentPostprocessing = 0;
		};
/* End PBXResourcesBuildPhase section */

/* Begin PBXShellScriptBuildPhase section */
		D0F6DA372FE824CA004FD6CC /* Build Python Runtime */ = {
			isa = PBXShellScriptBuildPhase;
			buildActionMask = 2147483647;
			files = (
			);
			inputFileListPaths = (
			);
			inputPaths = (
			);
			name = "Build Python Runtime";
			outputFileListPaths = (
			);
			outputPaths = (
			);
			runOnlyForDeploymentPostprocessing = 0;
			shellPath = /bin/sh;
			shellScript = "# Type a script or drag a script file from your workspace to insert its path.\nbash \"${SRCROOT}/scripts/build_python_runtime.sh\"\n";
		};
/* End PBXShellScriptBuildPhase section */

/* Begin PBXSourcesBuildPhase section */
		666666666666666666666666 /* Sources */ = {
			isa = PBXSourcesBuildPhase;
			buildActionMask = 2147483647;
			files = (
				ABCD00010000000000000000 /* StateEvents.swift in Sources */,
				ABCD00030000000000000000 /* StateReceiver.swift in Sources */,
				F1F1F1F1F1F1F1F1F1F1F1F1 /* OpenForgeApp.swift in Sources */,
				010101010101010101010101 /* ContentView.swift in Sources */,
				020202020202020202020202 /* SyllabusSidebarView.swift in Sources */,
				030303030303030303030303 /* ForgeEditorView.swift in Sources */,
				040404040404040404040404 /* CommsArrayView.swift in Sources */,
				050505050505050505050505 /* Models.swift in Sources */,
				060606060606060606060606 /* CodeExecutor.swift in Sources */,
				070707070707070707070707 /* FileWatcher.swift in Sources */,
				080808080808080808080808 /* RAGService.swift in Sources */,
				0a0a0a0a0a0a0a0a0a0a0a0a /* MarkdownWebView.swift in Sources */,
				0b0b0b0b0b0b0b0b0b0b0b0b /* AnsiText.swift in Sources */,
				0c0c0c0c0c0c0c0c0c0c0c0c /* PythonCodeEditor.swift in Sources */,
			);
			runOnlyForDeploymentPostprocessing = 0;
		};
/* End PBXSourcesBuildPhase section */

/* Begin XCBuildConfiguration section */
		BBBBBBBBBBBBBBBBBBBBBBBB /* Debug */ = {
			isa = XCBuildConfiguration;
			buildSettings = {
				ALWAYS_SEARCH_USER_PATHS = NO;
				CLANG_ANALYZER_NONNULL = YES;
				CLANG_AUDIT_DOUBLE_EXPLICIT_CAST = YES;
				CLANG_CXX_LANGUAGE_STANDARD = "gnu++17";
				CLANG_CXX_LIBRARY = "libc++";
				CLANG_ENABLE_MODULES = YES;
				CLANG_ENABLE_OBJC_ARC = YES;
				CLANG_ENABLE_OBJC_WEAK = YES;
				CLANG_WARN_BLOCK_CAPTURE_AUTORELEASING = YES;
				CLANG_WARN_BOOL_CONVERSION = YES;
				CLANG_WARN_COMMA = YES;
				CLANG_WARN_CONSTANT_CONVERSION = YES;
				CLANG_WARN_DEPRECATED_OBJC_IMPLEMENTATIONS = YES;
				CLANG_WARN_DIRECT_OBJC_REPLAY = YES;
				CLANG_WARN_DOCUMENTATION_COMMENTS = YES;
				CLANG_WARN_EMPTY_BODY = YES;
				CLANG_WARN_ENUM_CONVERSION = YES;
				CLANG_WARN_INFINITE_RECURSION = YES;
				CLANG_WARN_INT_CONVERSION = YES;
				CLANG_WARN_NON_LITERAL_NULL_CONVERSION = YES;
				CLANG_WARN_OBJC_IMPLICIT_RETAIN_SELF = YES;
				CLANG_WARN_OBJC_LITERAL_CONVERSION = YES;
				CLANG_WARN_OBJC_ROOT_CLASS = YES_ERROR;
				CLANG_WARN_QUOTED_INCLUDE_IN_FRAMEWORK_HEADER = YES;
				CLANG_WARN_RANGE_LOOP_ANALYSIS = YES;
				CLANG_WARN_STRICT_PROTOTYPES = YES;
				CLANG_WARN_SUSPICIOUS_MOVE = YES;
				CLANG_WARN_UNGUARDED_AVAILABILITY = YES_AGGRESSIVE;
				CLANG_WARN_UNREACHABLE_CODE = YES;
				CLANG_WARN__DUPLICATE_METHOD_MATCH = YES;
				COPY_PHASE_STRIP = NO;
				DEBUG_INFORMATION_FORMAT = dwarf;
				ENABLE_STRICT_OBJC_MSGSEND = YES;
				ENABLE_TESTABILITY = YES;
				GCC_C_LANGUAGE_STANDARD = gnu11;
				GCC_DYNAMIC_NO_PIC = NO;
				GCC_NO_COMMON_BLOCKS = YES;
				GCC_OPTIMIZATION_LEVEL = 0;
				GCC_PREPROCESSOR_DEFINITIONS = (
					"DEBUG=1",
					"$(inherited)",
				);
				GCC_WARN_64_TO_32_BIT_CONVERSION = YES;
				GCC_WARN_ABOUT_RETURN_TYPE = YES_ERROR;
				GCC_WARN_UNDECLARED_SELECTOR = YES;
				GCC_WARN_UNINITIALIZED_AUTOS = YES_AGGRESSIVE;
				GCC_WARN_UNUSED_FUNCTION = YES;
				GCC_WARN_UNUSED_VARIABLE = YES;
				MACOSX_DEPLOYMENT_TARGET = 14.0;
				MTL_ENABLE_DEBUG_INFO = INCLUDE_SOURCE;
				MTL_FAST_MATH = YES;
				ONLY_ACTIVE_ARCH = YES;
				SDKROOT = macosx;
				SWIFT_ACTIVE_COMPILATION_CONDITIONS = DEBUG;
				SWIFT_OPTIMIZATION_LEVEL = "-Onone";
			};
			name = Debug;
		};
		CCCCCCCCCCCCCCCCCCCCCCCC /* Release */ = {
			isa = XCBuildConfiguration;
			buildSettings = {
				ALWAYS_SEARCH_USER_PATHS = NO;
				CLANG_ANALYZER_NONNULL = YES;
				CLANG_AUDIT_DOUBLE_EXPLICIT_CAST = YES;
				CLANG_CXX_LANGUAGE_STANDARD = "gnu++17";
				CLANG_CXX_LIBRARY = "libc++";
				CLANG_ENABLE_MODULES = YES;
				CLANG_ENABLE_OBJC_ARC = YES;
				CLANG_ENABLE_OBJC_WEAK = YES;
				CLANG_WARN_BLOCK_CAPTURE_AUTORELEASING = YES;
				CLANG_WARN_BOOL_CONVERSION = YES;
				CLANG_WARN_COMMA = YES;
				CLANG_WARN_CONSTANT_CONVERSION = YES;
				CLANG_WARN_DEPRECATED_OBJC_IMPLEMENTATIONS = YES;
				CLANG_WARN_DIRECT_OBJC_REPLAY = YES;
				CLANG_WARN_DOCUMENTATION_COMMENTS = YES;
				CLANG_WARN_EMPTY_BODY = YES;
				CLANG_WARN_ENUM_CONVERSION = YES;
				CLANG_WARN_INFINITE_RECURSION = YES;
				CLANG_WARN_INT_CONVERSION = YES;
				CLANG_WARN_NON_LITERAL_NULL_CONVERSION = YES;
				CLANG_WARN_OBJC_IMPLICIT_RETAIN_SELF = YES;
				CLANG_WARN_OBJC_LITERAL_CONVERSION = YES;
				CLANG_WARN_OBJC_ROOT_CLASS = YES_ERROR;
				CLANG_WARN_QUOTED_INCLUDE_IN_FRAMEWORK_HEADER = YES;
				CLANG_WARN_RANGE_LOOP_ANALYSIS = YES;
				CLANG_WARN_STRICT_PROTOTYPES = YES;
				CLANG_WARN_SUSPICIOUS_MOVE = YES;
				CLANG_WARN_UNGUARDED_AVAILABILITY = YES_AGGRESSIVE;
				CLANG_WARN_UNREACHABLE_CODE = YES;
				CLANG_WARN__DUPLICATE_METHOD_MATCH = YES;
				COPY_PHASE_STRIP = YES;
				DEBUG_INFORMATION_FORMAT = "dwarf-with-dsym";
				ENABLE_NS_ASSERTIONS = NO;
				ENABLE_STRICT_OBJC_MSGSEND = YES;
				GCC_C_LANGUAGE_STANDARD = gnu11;
				GCC_NO_COMMON_BLOCKS = YES;
				GCC_WARN_64_TO_32_BIT_CONVERSION = YES;
				GCC_WARN_ABOUT_RETURN_TYPE = YES_ERROR;
				GCC_WARN_UNDECLARED_SELECTOR = YES;
				GCC_WARN_UNINITIALIZED_AUTOS = YES_AGGRESSIVE;
				GCC_WARN_UNUSED_FUNCTION = YES;
				GCC_WARN_UNUSED_VARIABLE = YES;
				MACOSX_DEPLOYMENT_TARGET = 14.0;
				MTL_ENABLE_DEBUG_INFO = NO;
				MTL_FAST_MATH = YES;
				SDKROOT = macosx;
				SWIFT_COMPILATION_MODE = wholemodule;
				SWIFT_OPTIMIZATION_LEVEL = "-O";
			};
			name = Release;
		};
		DDDDDDDDDDDDDDDDDDDDDDDD /* Debug */ = {
			isa = XCBuildConfiguration;
			buildSettings = {
				ASSETCATALOG_COMPILER_APPICON_NAME = AppIcon;
				ASSETCATALOG_COMPILER_GLOBAL_ACCENT_COLOR_NAME = AccentColor;
				CODE_SIGN_ENTITLEMENTS = OpenForgeApp/OpenForge.entitlements;
				CODE_SIGN_STYLE = Automatic;
				COMBINE_HIDPI_IMAGES = YES;
				DEVELOPMENT_ASSETS = "";
				ENABLE_PREVIEWS = YES;
				GENERATE_INFOPLIST_FILE = YES;
				INFOPLIST_KEY_NSPrincipalClass = NSApplication;
				LD_RUNPATH_SEARCH_PATHS = (
					"$(inherited)",
					"@executable_path/../Frameworks",
				);
				PRODUCT_BUNDLE_IDENTIFIER = com.justin.OpenForge;
				PRODUCT_NAME = "$(TARGET_NAME)";
				SWIFT_EMIT_LOC_STRINGS = YES;
				SWIFT_VERSION = 5.9;
			};
			name = Debug;
		};
		EEEEEEEEEEEEEEEEEEEEEEEE /* Release */ = {
			isa = XCBuildConfiguration;
			buildSettings = {
				ASSETCATALOG_COMPILER_APPICON_NAME = AppIcon;
				ASSETCATALOG_COMPILER_GLOBAL_ACCENT_COLOR_NAME = AccentColor;
				CODE_SIGN_ENTITLEMENTS = OpenForgeApp/OpenForge.entitlements;
				CODE_SIGN_STYLE = Automatic;
				COMBINE_HIDPI_IMAGES = YES;
				DEVELOPMENT_ASSETS = "";
				ENABLE_PREVIEWS = YES;
				GENERATE_INFOPLIST_FILE = YES;
				INFOPLIST_KEY_NSPrincipalClass = NSApplication;
				LD_RUNPATH_SEARCH_PATHS = (
					"$(inherited)",
					"@executable_path/../Frameworks",
				);
				PRODUCT_BUNDLE_IDENTIFIER = com.justin.OpenForge;
				PRODUCT_NAME = "$(TARGET_NAME)";
				SWIFT_EMIT_LOC_STRINGS = YES;
				SWIFT_VERSION = 5.9;
			};
			name = Release;
		};
/* End XCBuildConfiguration section */

/* Begin XCConfigurationList section */
		999999999999999999999999 /* Build configuration list for PBXProject "OpenForge" */ = {
			isa = XCConfigurationList;
			buildConfigurations = (
				BBBBBBBBBBBBBBBBBBBBBBBB /* Debug */,
				CCCCCCCCCCCCCCCCCCCCCCCC /* Release */,
			);
			defaultConfigurationIsVisible = 0;
			defaultConfigurationName = Release;
		};
		AAAAAAAAAAAAAAAAAAAAAAAA /* Build configuration list for PBXNativeTarget "OpenForge" */ = {
			isa = XCConfigurationList;
			buildConfigurations = (
				DDDDDDDDDDDDDDDDDDDDDDDD /* Debug */,
				EEEEEEEEEEEEEEEEEEEEEEEE /* Release */,
			);
			defaultConfigurationIsVisible = 0;
			defaultConfigurationName = Release;
		};
/* End XCConfigurationList section */
	};
	rootObject = 111111111111111111111111 /* Project object */;
}
